// !$*UTF8*$!
{
	archiveVersion = 1;
	classes = {
	};
	objectVersion = 46;
	objects = {

/* Begin PBXBuildFile section */
		4512E4C715BF712500843A60 /* mainIcon.png in Resources */ = {isa = PBXBuildFile; fileRef = 4512E4C615BF712500843A60 /* mainIcon.png */; };
		4512E4D215BF7BD800843A60 /* notesArray@2x.png in Resources */ = {isa = PBXBuildFile; fileRef = 4512E4CB15BF7BD700843A60 /* notesArray@2x.png */; };
		4512E4D315BF7BD800843A60 /* afrobeat@2x.png in Resources */ = {isa = PBXBuildFile; fileRef = 4512E4CC15BF7BD700843A60 /* afrobeat@2x.png */; };
		4512E4D415BF7BD800843A60 /* noteFlow@2x.png in Resources */ = {isa = PBXBuildFile; fileRef = 4512E4CD15BF7BD700843A60 /* noteFlow@2x.png */; };
		4512E4D515BF7BD800843A60 /* specialIcon@2x.png in Resources */ = {isa = PBXBuildFile; fileRef = 4512E4CE15BF7BD800843A60 /* specialIcon@2x.png */; };
		4512E4D615BF7BD800843A60 /* specialIconLong@2x.png in Resources */ = {isa = PBXBuildFile; fileRef = 4512E4CF15BF7BD800843A60 /* specialIconLong@2x.png */; };
		4512E4D715BF7BD800843A60 /* specialTrackConnector@2x.png in Resources */ = {isa = PBXBuildFile; fileRef = 4512E4D015BF7BD800843A60 /* specialTrackConnector@2x.png */; };
		4512E4D915BF7D2300843A60 /* touchable@2x.png in Resources */ = {isa = PBXBuildFile; fileRef = 4512E4D815BF7D2300843A60 /* touchable@2x.png */; };
		45314CBA15D1A58700BE7364 /* P1PlayTouchable.m in Sources */ = {isa = PBXBuildFile; fileRef = 45314CB915D1A58600BE7364 /* P1PlayTouchable.m */; };
		45314D0815D1F1AA00BE7364 /* mySimpleSamplePlayer.pd in Resources */ = {isa = PBXBuildFile; fileRef = 45314D0115D1F1AA00BE7364 /* mySimpleSamplePlayer.pd */; };
		45314D0915D1F1AA00BE7364 /* sample2.wav in Resources */ = {isa = PBXBuildFile; fileRef = 45314D0215D1F1AA00BE7364 /* sample2.wav */; };
		45314D0A15D1F1AA00BE7364 /* sample1.wav in Resources */ = {isa = PBXBuildFile; fileRef = 45314D0315D1F1AA00BE7364 /* sample1.wav */; };
		45314D0B15D1F1AA00BE7364 /* sample3.wav in Resources */ = {isa = PBXBuildFile; fileRef = 45314D0415D1F1AA00BE7364 /* sample3.wav */; };
		45314D0C15D1F1AA00BE7364 /* sample4.wav in Resources */ = {isa = PBXBuildFile; fileRef = 45314D0515D1F1AA00BE7364 /* sample4.wav */; };
		45314D0D15D1F1AA00BE7364 /* sample5.wav in Resources */ = {isa = PBXBuildFile; fileRef = 45314D0615D1F1AA00BE7364 /* sample5.wav */; };
		45314D0E15D1F1AA00BE7364 /* sample6.wav in Resources */ = {isa = PBXBuildFile; fileRef = 45314D0715D1F1AA00BE7364 /* sample6.wav */; };
		454A690615B9F101009BEAAC /* swipeUp@2x.png in Resources */ = {isa = PBXBuildFile; fileRef = 454A68FD15B9F101009BEAAC /* swipeUp@2x.png */; };
		454A690715B9F101009BEAAC /* swipeDown@2x.png in Resources */ = {isa = PBXBuildFile; fileRef = 454A68FE15B9F101009BEAAC /* swipeDown@2x.png */; };
		454A690815B9F101009BEAAC /* swipeLeft@2x.png in Resources */ = {isa = PBXBuildFile; fileRef = 454A68FF15B9F101009BEAAC /* swipeLeft@2x.png */; };
		454A690915B9F101009BEAAC /* swipeRight@2x.png in Resources */ = {isa = PBXBuildFile; fileRef = 454A690015B9F101009BEAAC /* swipeRight@2x.png */; };
		454A690A15B9F101009BEAAC /* swipeDoubleUp@2x.png in Resources */ = {isa = PBXBuildFile; fileRef = 454A690115B9F101009BEAAC /* swipeDoubleUp@2x.png */; };
		454A690B15B9F101009BEAAC /* swipeDoubleDown@2x.png in Resources */ = {isa = PBXBuildFile; fileRef = 454A690215B9F101009BEAAC /* swipeDoubleDown@2x.png */; };
		454A690C15B9F101009BEAAC /* swipeDoubleLeft@2x.png in Resources */ = {isa = PBXBuildFile; fileRef = 454A690315B9F101009BEAAC /* swipeDoubleLeft@2x.png */; };
		454A690D15B9F101009BEAAC /* swipeDoubleRight@2x.png in Resources */ = {isa = PBXBuildFile; fileRef = 454A690415B9F101009BEAAC /* swipeDoubleRight@2x.png */; };
		454C919315B897C000313CC3 /* playNotes@2x.png in Resources */ = {isa = PBXBuildFile; fileRef = 454C918915B897C000313CC3 /* playNotes@2x.png */; };
		454C919415B897C000313CC3 /* changePitch@2x.png in Resources */ = {isa = PBXBuildFile; fileRef = 454C918A15B897C000313CC3 /* changePitch@2x.png */; };
		454C919515B897C000313CC3 /* changeDuration@2x.png in Resources */ = {isa = PBXBuildFile; fileRef = 454C918B15B897C000313CC3 /* changeDuration@2x.png */; };
		454C919A15B897C000313CC3 /* verticalSlide@2x.png in Resources */ = {isa = PBXBuildFile; fileRef = 454C919015B897C000313CC3 /* verticalSlide@2x.png */; };
		454C919B15B897C000313CC3 /* horizontalSlide@2x.png in Resources */ = {isa = PBXBuildFile; fileRef = 454C919115B897C000313CC3 /* horizontalSlide@2x.png */; };
		454C919C15B897C000313CC3 /* touch@2x.png in Resources */ = {isa = PBXBuildFile; fileRef = 454C919215B897C000313CC3 /* touch@2x.png */; };
		454C91A115B89ED900313CC3 /* P1AddObjectTableViewController.m in Sources */ = {isa = PBXBuildFile; fileRef = 454C91A015B89ED900313CC3 /* P1AddObjectTableViewController.m */; };
		454C91A315B8B07200313CC3 /* playNote@2x.png in Resources */ = {isa = PBXBuildFile; fileRef = 454C91A215B8B07100313CC3 /* playNote@2x.png */; };
		454C91A615B8CAAF00313CC3 /* P1ContextMenuViewController.m in Sources */ = {isa = PBXBuildFile; fileRef = 454C91A515B8CAAE00313CC3 /* P1ContextMenuViewController.m */; };
		457192A015D00E69008DEF35 /* P1Utils.m in Sources */ = {isa = PBXBuildFile; fileRef = 4571929F15D00E69008DEF35 /* P1Utils.m */; };
		457192A815D03F44008DEF35 /* P1Touchable.m in Sources */ = {isa = PBXBuildFile; fileRef = 457192A715D03F44008DEF35 /* P1Touchable.m */; };
		458B871315B65BA600DB125E /* libpd-ios.a in Frameworks */ = {isa = PBXBuildFile; fileRef = 458B870D15B65B4E00DB125E /* libpd-ios.a */; };
		458B871615B65BA600DB125E /* AudioToolbox.framework in Frameworks */ = {isa = PBXBuildFile; fileRef = 458B871415B65BA600DB125E /* AudioToolbox.framework */; };
		458B871715B65BA600DB125E /* AVFoundation.framework in Frameworks */ = {isa = PBXBuildFile; fileRef = 458B871515B65BA600DB125E /* AVFoundation.framework */; };
		458B871915B65CF700DB125E /* proto1.pd in Resources */ = {isa = PBXBuildFile; fileRef = 458B871815B65CF700DB125E /* proto1.pd */; };
		458B872015B660AC00DB125E /* tuner.pd in Resources */ = {isa = PBXBuildFile; fileRef = 458B871F15B660AC00DB125E /* tuner.pd */; };
		458E90E615B4886D00A82826 /* UIKit.framework in Frameworks */ = {isa = PBXBuildFile; fileRef = 458E90E515B4886D00A82826 /* UIKit.framework */; };
		458E90E815B4886D00A82826 /* Foundation.framework in Frameworks */ = {isa = PBXBuildFile; fileRef = 458E90E715B4886D00A82826 /* Foundation.framework */; };
		458E90EA15B4886D00A82826 /* CoreGraphics.framework in Frameworks */ = {isa = PBXBuildFile; fileRef = 458E90E915B4886D00A82826 /* CoreGraphics.framework */; };
		458E90F015B4886D00A82826 /* InfoPlist.strings in Resources */ = {isa = PBXBuildFile; fileRef = 458E90EE15B4886D00A82826 /* InfoPlist.strings */; };
		458E90F215B4886D00A82826 /* main.m in Sources */ = {isa = PBXBuildFile; fileRef = 458E90F115B4886D00A82826 /* main.m */; };
		458E90F615B4886D00A82826 /* P1AppDelegate.m in Sources */ = {isa = PBXBuildFile; fileRef = 458E90F515B4886D00A82826 /* P1AppDelegate.m */; };
		458E90F915B4886D00A82826 /* MainStoryboard.storyboard in Resources */ = {isa = PBXBuildFile; fileRef = 458E90F715B4886D00A82826 /* MainStoryboard.storyboard */; };
		458E910415B488D600A82826 /* P1EditViewController.m in Sources */ = {isa = PBXBuildFile; fileRef = 458E910315B488D600A82826 /* P1EditViewController.m */; };
		458E910715B488F600A82826 /* P1EditView.m in Sources */ = {isa = PBXBuildFile; fileRef = 458E910615B488F600A82826 /* P1EditView.m */; };
		458E910D15B4899900A82826 /* P1OutputObjectView.m in Sources */ = {isa = PBXBuildFile; fileRef = 458E910C15B4899900A82826 /* P1OutputObjectView.m */; };
		458E911315B489C900A82826 /* P1InputObjectView.m in Sources */ = {isa = PBXBuildFile; fileRef = 458E911215B489C900A82826 /* P1InputObjectView.m */; };
		458E911615B489EA00A82826 /* P1IconView.m in Sources */ = {isa = PBXBuildFile; fileRef = 458E911515B489EA00A82826 /* P1IconView.m */; };
		458E911F15B48B1200A82826 /* P1PlayViewController.m in Sources */ = {isa = PBXBuildFile; fileRef = 458E911E15B48B1200A82826 /* P1PlayViewController.m */; };
		458E912215B48B2800A82826 /* P1PlayView.m in Sources */ = {isa = PBXBuildFile; fileRef = 458E912115B48B2800A82826 /* P1PlayView.m */; };
		458E912515B48D6A00A82826 /* P1AddObjectMenuViewController.m in Sources */ = {isa = PBXBuildFile; fileRef = 458E912415B48D6900A82826 /* P1AddObjectMenuViewController.m */; };
		4591C37B15CC53B90048B219 /* P1ObjectFactory.m in Sources */ = {isa = PBXBuildFile; fileRef = 4591C37A15CC53B90048B219 /* P1ObjectFactory.m */; };
		45943BC615BF32A9008E6002 /* afro-beat_machine.pd in Resources */ = {isa = PBXBuildFile; fileRef = 45943BBB15BF32A9008E6002 /* afro-beat_machine.pd */; };
		45943BC715BF32A9008E6002 /* afro-beat_colonial_mentality.pd in Resources */ = {isa = PBXBuildFile; fileRef = 45943BBC15BF32A9008E6002 /* afro-beat_colonial_mentality.pd */; };
		45943BC815BF32A9008E6002 /* afro-beat_excuse_o.pd in Resources */ = {isa = PBXBuildFile; fileRef = 45943BBD15BF32A9008E6002 /* afro-beat_excuse_o.pd */; };
		45943BC915BF32A9008E6002 /* afro-beat_lady.pd in Resources */ = {isa = PBXBuildFile; fileRef = 45943BBE15BF32A9008E6002 /* afro-beat_lady.pd */; };
		45943BCA15BF32A9008E6002 /* afro-beat_unknow_soldier.pd in Resources */ = {isa = PBXBuildFile; fileRef = 45943BBF15BF32A9008E6002 /* afro-beat_unknow_soldier.pd */; };
		45943BCB15BF32A9008E6002 /* afro-beat.pd in Resources */ = {isa = PBXBuildFile; fileRef = 45943BC015BF32A9008E6002 /* afro-beat.pd */; };
		45943BCC15BF32A9008E6002 /* contador_circular.pd in Resources */ = {isa = PBXBuildFile; fileRef = 45943BC115BF32A9008E6002 /* contador_circular.pd */; };
		45943BCD15BF32A9008E6002 /* output_VU~.pd in Resources */ = {isa = PBXBuildFile; fileRef = 45943BC215BF32A9008E6002 /* output_VU~.pd */; };
		45943BCE15BF32A9008E6002 /* ratinhos.pd in Resources */ = {isa = PBXBuildFile; fileRef = 45943BC315BF32A9008E6002 /* ratinhos.pd */; };
		45943BCF15BF32A9008E6002 /* teclado.pd in Resources */ = {isa = PBXBuildFile; fileRef = 45943BC415BF32A9008E6002 /* teclado.pd */; };
		45943BD015BF32A9008E6002 /* volume.pd in Resources */ = {isa = PBXBuildFile; fileRef = 45943BC515BF32A9008E6002 /* volume.pd */; };
		459B4F5015BEA16100FE092D /* Icon-72.png in Resources */ = {isa = PBXBuildFile; fileRef = 459B4F4F15BEA16100FE092D /* Icon-72.png */; };
		459B4F5215BEA1C900FE092D /* iTunesArtwork.png in Resources */ = {isa = PBXBuildFile; fileRef = 459B4F5115BEA1C900FE092D /* iTunesArtwork.png */; };
		45EDB44615BE50D300FD9040 /* specialConnector@2x.png in Resources */ = {isa = PBXBuildFile; fileRef = 45EDB44415BE50D200FD9040 /* specialConnector@2x.png */; };
		45EDB44B15BE6FFF00FD9040 /* trigger@2x.png in Resources */ = {isa = PBXBuildFile; fileRef = 45EDB44715BE6FFE00FD9040 /* trigger@2x.png */; };
		45EDB44C15BE6FFF00FD9040 /* triggerFlipped@2x.png in Resources */ = {isa = PBXBuildFile; fileRef = 45EDB44815BE6FFE00FD9040 /* triggerFlipped@2x.png */; };
		45EDB44D15BE6FFF00FD9040 /* track@2x.png in Resources */ = {isa = PBXBuildFile; fileRef = 45EDB44915BE6FFE00FD9040 /* track@2x.png */; };
		45EDB44E15BE6FFF00FD9040 /* trackFlipped@2x.png in Resources */ = {isa = PBXBuildFile; fileRef = 45EDB44A15BE6FFF00FD9040 /* trackFlipped@2x.png */; };
/* End PBXBuildFile section */

/* Begin PBXContainerItemProxy section */
		458B870C15B65B4E00DB125E /* PBXContainerItemProxy */ = {
			isa = PBXContainerItemProxy;
			containerPortal = 458B870415B65B4E00DB125E /* libpd.xcodeproj */;
			proxyType = 2;
			remoteGlobalIDString = D2AAC07E0554694100DB518D;
			remoteInfo = "libpd-ios";
		};
		458B870E15B65B4E00DB125E /* PBXContainerItemProxy */ = {
			isa = PBXContainerItemProxy;
			containerPortal = 458B870415B65B4E00DB125E /* libpd.xcodeproj */;
			proxyType = 2;
			remoteGlobalIDString = 119013AB1486450C00086F19;
			remoteInfo = "libpd-osx";
		};
		458B871115B65B9300DB125E /* PBXContainerItemProxy */ = {
			isa = PBXContainerItemProxy;
			containerPortal = 458B870415B65B4E00DB125E /* libpd.xcodeproj */;
			proxyType = 1;
			remoteGlobalIDString = D2AAC07D0554694100DB518D;
			remoteInfo = "libpd-ios";
		};
/* End PBXContainerItemProxy section */

/* Begin PBXFileReference section */
		4512E4C615BF712500843A60 /* mainIcon.png */ = {isa = PBXFileReference; lastKnownFileType = image.png; path = mainIcon.png; sourceTree = "<group>"; };
		4512E4CB15BF7BD700843A60 /* notesArray@2x.png */ = {isa = PBXFileReference; lastKnownFileType = image.png; path = "notesArray@2x.png"; sourceTree = "<group>"; };
		4512E4CC15BF7BD700843A60 /* afrobeat@2x.png */ = {isa = PBXFileReference; lastKnownFileType = image.png; path = "afrobeat@2x.png"; sourceTree = "<group>"; };
		4512E4CD15BF7BD700843A60 /* noteFlow@2x.png */ = {isa = PBXFileReference; lastKnownFileType = image.png; path = "noteFlow@2x.png"; sourceTree = "<group>"; };
		4512E4CE15BF7BD800843A60 /* specialIcon@2x.png */ = {isa = PBXFileReference; lastKnownFileType = image.png; path = "specialIcon@2x.png"; sourceTree = "<group>"; };
		4512E4CF15BF7BD800843A60 /* specialIconLong@2x.png */ = {isa = PBXFileReference; lastKnownFileType = image.png; path = "specialIconLong@2x.png"; sourceTree = "<group>"; };
		4512E4D015BF7BD800843A60 /* specialTrackConnector@2x.png */ = {isa = PBXFileReference; lastKnownFileType = image.png; path = "specialTrackConnector@2x.png"; sourceTree = "<group>"; };
		4512E4D815BF7D2300843A60 /* touchable@2x.png */ = {isa = PBXFileReference; lastKnownFileType = image.png; path = "touchable@2x.png"; sourceTree = "<group>"; };
		45314CB815D1A58600BE7364 /* P1PlayTouchable.h */ = {isa = PBXFileReference; fileEncoding = 4; lastKnownFileType = sourcecode.c.h; path = P1PlayTouchable.h; sourceTree = "<group>"; };
		45314CB915D1A58600BE7364 /* P1PlayTouchable.m */ = {isa = PBXFileReference; fileEncoding = 4; lastKnownFileType = sourcecode.c.objc; path = P1PlayTouchable.m; sourceTree = "<group>"; };
		45314D0115D1F1AA00BE7364 /* mySimpleSamplePlayer.pd */ = {isa = PBXFileReference; fileEncoding = 4; lastKnownFileType = text; path = mySimpleSamplePlayer.pd; sourceTree = "<group>"; };
		45314D0215D1F1AA00BE7364 /* sample2.wav */ = {isa = PBXFileReference; lastKnownFileType = audio.wav; path = sample2.wav; sourceTree = "<group>"; };
		45314D0315D1F1AA00BE7364 /* sample1.wav */ = {isa = PBXFileReference; lastKnownFileType = audio.wav; path = sample1.wav; sourceTree = "<group>"; };
		45314D0415D1F1AA00BE7364 /* sample3.wav */ = {isa = PBXFileReference; lastKnownFileType = audio.wav; path = sample3.wav; sourceTree = "<group>"; };
		45314D0515D1F1AA00BE7364 /* sample4.wav */ = {isa = PBXFileReference; lastKnownFileType = audio.wav; path = sample4.wav; sourceTree = "<group>"; };
		45314D0615D1F1AA00BE7364 /* sample5.wav */ = {isa = PBXFileReference; lastKnownFileType = audio.wav; path = sample5.wav; sourceTree = "<group>"; };
		45314D0715D1F1AA00BE7364 /* sample6.wav */ = {isa = PBXFileReference; lastKnownFileType = audio.wav; path = sample6.wav; sourceTree = "<group>"; };
		454A68FD15B9F101009BEAAC /* swipeUp@2x.png */ = {isa = PBXFileReference; lastKnownFileType = image.png; path = "swipeUp@2x.png"; sourceTree = "<group>"; };
		454A68FE15B9F101009BEAAC /* swipeDown@2x.png */ = {isa = PBXFileReference; lastKnownFileType = image.png; path = "swipeDown@2x.png"; sourceTree = "<group>"; };
		454A68FF15B9F101009BEAAC /* swipeLeft@2x.png */ = {isa = PBXFileReference; lastKnownFileType = image.png; path = "swipeLeft@2x.png"; sourceTree = "<group>"; };
		454A690015B9F101009BEAAC /* swipeRight@2x.png */ = {isa = PBXFileReference; lastKnownFileType = image.png; path = "swipeRight@2x.png"; sourceTree = "<group>"; };
		454A690115B9F101009BEAAC /* swipeDoubleUp@2x.png */ = {isa = PBXFileReference; lastKnownFileType = image.png; path = "swipeDoubleUp@2x.png"; sourceTree = "<group>"; };
		454A690215B9F101009BEAAC /* swipeDoubleDown@2x.png */ = {isa = PBXFileReference; lastKnownFileType = image.png; path = "swipeDoubleDown@2x.png"; sourceTree = "<group>"; };
		454A690315B9F101009BEAAC /* swipeDoubleLeft@2x.png */ = {isa = PBXFileReference; lastKnownFileType = image.png; path = "swipeDoubleLeft@2x.png"; sourceTree = "<group>"; };
		454A690415B9F101009BEAAC /* swipeDoubleRight@2x.png */ = {isa = PBXFileReference; lastKnownFileType = image.png; path = "swipeDoubleRight@2x.png"; sourceTree = "<group>"; };
		454C918915B897C000313CC3 /* playNotes@2x.png */ = {isa = PBXFileReference; lastKnownFileType = image.png; path = "playNotes@2x.png"; sourceTree = "<group>"; };
		454C918A15B897C000313CC3 /* changePitch@2x.png */ = {isa = PBXFileReference; lastKnownFileType = image.png; path = "changePitch@2x.png"; sourceTree = "<group>"; };
		454C918B15B897C000313CC3 /* changeDuration@2x.png */ = {isa = PBXFileReference; lastKnownFileType = image.png; path = "changeDuration@2x.png"; sourceTree = "<group>"; };
		454C919015B897C000313CC3 /* verticalSlide@2x.png */ = {isa = PBXFileReference; lastKnownFileType = image.png; path = "verticalSlide@2x.png"; sourceTree = "<group>"; };
		454C919115B897C000313CC3 /* horizontalSlide@2x.png */ = {isa = PBXFileReference; lastKnownFileType = image.png; path = "horizontalSlide@2x.png"; sourceTree = "<group>"; };
		454C919215B897C000313CC3 /* touch@2x.png */ = {isa = PBXFileReference; lastKnownFileType = image.png; path = "touch@2x.png"; sourceTree = "<group>"; };
		454C919F15B89ED900313CC3 /* P1AddObjectTableViewController.h */ = {isa = PBXFileReference; fileEncoding = 4; lastKnownFileType = sourcecode.c.h; path = P1AddObjectTableViewController.h; sourceTree = "<group>"; };
		454C91A015B89ED900313CC3 /* P1AddObjectTableViewController.m */ = {isa = PBXFileReference; fileEncoding = 4; lastKnownFileType = sourcecode.c.objc; path = P1AddObjectTableViewController.m; sourceTree = "<group>"; };
		454C91A215B8B07100313CC3 /* playNote@2x.png */ = {isa = PBXFileReference; lastKnownFileType = image.png; path = "playNote@2x.png"; sourceTree = "<group>"; };
		454C91A415B8CAAE00313CC3 /* P1ContextMenuViewController.h */ = {isa = PBXFileReference; fileEncoding = 4; lastKnownFileType = sourcecode.c.h; path = P1ContextMenuViewController.h; sourceTree = "<group>"; };
		454C91A515B8CAAE00313CC3 /* P1ContextMenuViewController.m */ = {isa = PBXFileReference; fileEncoding = 4; lastKnownFileType = sourcecode.c.objc; path = P1ContextMenuViewController.m; sourceTree = "<group>"; };
		4571929E15D00E69008DEF35 /* P1Utils.h */ = {isa = PBXFileReference; fileEncoding = 4; lastKnownFileType = sourcecode.c.h; path = P1Utils.h; sourceTree = "<group>"; };
		4571929F15D00E69008DEF35 /* P1Utils.m */ = {isa = PBXFileReference; fileEncoding = 4; lastKnownFileType = sourcecode.c.objc; path = P1Utils.m; sourceTree = "<group>"; };
		457192A615D03F43008DEF35 /* P1Touchable.h */ = {isa = PBXFileReference; fileEncoding = 4; lastKnownFileType = sourcecode.c.h; path = P1Touchable.h; sourceTree = "<group>"; };
		457192A715D03F44008DEF35 /* P1Touchable.m */ = {isa = PBXFileReference; fileEncoding = 4; lastKnownFileType = sourcecode.c.objc; path = P1Touchable.m; sourceTree = "<group>"; };
		458B870415B65B4E00DB125E /* libpd.xcodeproj */ = {isa = PBXFileReference; lastKnownFileType = "wrapper.pb-project"; name = libpd.xcodeproj; path = "../libpd/pd-for-ios/libpd/libpd.xcodeproj"; sourceTree = "<group>"; };
		458B871415B65BA600DB125E /* AudioToolbox.framework */ = {isa = PBXFileReference; lastKnownFileType = wrapper.framework; name = AudioToolbox.framework; path = System/Library/Frameworks/AudioToolbox.framework; sourceTree = SDKROOT; };
		458B871515B65BA600DB125E /* AVFoundation.framework */ = {isa = PBXFileReference; lastKnownFileType = wrapper.framework; name = AVFoundation.framework; path = System/Library/Frameworks/AVFoundation.framework; sourceTree = SDKROOT; };
		458B871815B65CF700DB125E /* proto1.pd */ = {isa = PBXFileReference; fileEncoding = 4; lastKnownFileType = text; path = proto1.pd; sourceTree = "<group>"; };
		458B871F15B660AC00DB125E /* tuner.pd */ = {isa = PBXFileReference; fileEncoding = 4; lastKnownFileType = text; path = tuner.pd; sourceTree = "<group>"; };
		458E90E115B4886D00A82826 /* Proto1.app */ = {isa = PBXFileReference; explicitFileType = wrapper.application; includeInIndex = 0; path = Proto1.app; sourceTree = BUILT_PRODUCTS_DIR; };
		458E90E515B4886D00A82826 /* UIKit.framework */ = {isa = PBXFileReference; lastKnownFileType = wrapper.framework; name = UIKit.framework; path = System/Library/Frameworks/UIKit.framework; sourceTree = SDKROOT; };
		458E90E715B4886D00A82826 /* Foundation.framework */ = {isa = PBXFileReference; lastKnownFileType = wrapper.framework; name = Foundation.framework; path = System/Library/Frameworks/Foundation.framework; sourceTree = SDKROOT; };
		458E90E915B4886D00A82826 /* CoreGraphics.framework */ = {isa = PBXFileReference; lastKnownFileType = wrapper.framework; name = CoreGraphics.framework; path = System/Library/Frameworks/CoreGraphics.framework; sourceTree = SDKROOT; };
		458E90ED15B4886D00A82826 /* Proto1-Info.plist */ = {isa = PBXFileReference; lastKnownFileType = text.plist.xml; path = "Proto1-Info.plist"; sourceTree = "<group>"; };
		458E90EF15B4886D00A82826 /* en */ = {isa = PBXFileReference; lastKnownFileType = text.plist.strings; name = en; path = en.lproj/InfoPlist.strings; sourceTree = "<group>"; };
		458E90F115B4886D00A82826 /* main.m */ = {isa = PBXFileReference; lastKnownFileType = sourcecode.c.objc; path = main.m; sourceTree = "<group>"; };
		458E90F315B4886D00A82826 /* Proto1-Prefix.pch */ = {isa = PBXFileReference; lastKnownFileType = sourcecode.c.h; path = "Proto1-Prefix.pch"; sourceTree = "<group>"; };
		458E90F415B4886D00A82826 /* P1AppDelegate.h */ = {isa = PBXFileReference; lastKnownFileType = sourcecode.c.h; path = P1AppDelegate.h; sourceTree = "<group>"; };
		458E90F515B4886D00A82826 /* P1AppDelegate.m */ = {isa = PBXFileReference; lastKnownFileType = sourcecode.c.objc; path = P1AppDelegate.m; sourceTree = "<group>"; };
		458E90F815B4886D00A82826 /* en */ = {isa = PBXFileReference; lastKnownFileType = file.storyboard; name = en; path = en.lproj/MainStoryboard.storyboard; sourceTree = "<group>"; };
		458E910215B488D600A82826 /* P1EditViewController.h */ = {isa = PBXFileReference; fileEncoding = 4; lastKnownFileType = sourcecode.c.h; path = P1EditViewController.h; sourceTree = "<group>"; };
		458E910315B488D600A82826 /* P1EditViewController.m */ = {isa = PBXFileReference; fileEncoding = 4; lastKnownFileType = sourcecode.c.objc; path = P1EditViewController.m; sourceTree = "<group>"; };
		458E910515B488F600A82826 /* P1EditView.h */ = {isa = PBXFileReference; fileEncoding = 4; lastKnownFileType = sourcecode.c.h; path = P1EditView.h; sourceTree = "<group>"; };
		458E910615B488F600A82826 /* P1EditView.m */ = {isa = PBXFileReference; fileEncoding = 4; lastKnownFileType = sourcecode.c.objc; path = P1EditView.m; sourceTree = "<group>"; };
		458E910B15B4899900A82826 /* P1OutputObjectView.h */ = {isa = PBXFileReference; fileEncoding = 4; lastKnownFileType = sourcecode.c.h; path = P1OutputObjectView.h; sourceTree = "<group>"; };
		458E910C15B4899900A82826 /* P1OutputObjectView.m */ = {isa = PBXFileReference; fileEncoding = 4; lastKnownFileType = sourcecode.c.objc; path = P1OutputObjectView.m; sourceTree = "<group>"; };
		458E911115B489C900A82826 /* P1InputObjectView.h */ = {isa = PBXFileReference; fileEncoding = 4; lastKnownFileType = sourcecode.c.h; path = P1InputObjectView.h; sourceTree = "<group>"; };
		458E911215B489C900A82826 /* P1InputObjectView.m */ = {isa = PBXFileReference; fileEncoding = 4; lastKnownFileType = sourcecode.c.objc; path = P1InputObjectView.m; sourceTree = "<group>"; };
		458E911415B489EA00A82826 /* P1IconView.h */ = {isa = PBXFileReference; fileEncoding = 4; lastKnownFileType = sourcecode.c.h; path = P1IconView.h; sourceTree = "<group>"; };
		458E911515B489EA00A82826 /* P1IconView.m */ = {isa = PBXFileReference; fileEncoding = 4; lastKnownFileType = sourcecode.c.objc; path = P1IconView.m; sourceTree = "<group>"; };
		458E911D15B48B1200A82826 /* P1PlayViewController.h */ = {isa = PBXFileReference; fileEncoding = 4; lastKnownFileType = sourcecode.c.h; path = P1PlayViewController.h; sourceTree = "<group>"; };
		458E911E15B48B1200A82826 /* P1PlayViewController.m */ = {isa = PBXFileReference; fileEncoding = 4; lastKnownFileType = sourcecode.c.objc; path = P1PlayViewController.m; sourceTree = "<group>"; };
		458E912015B48B2800A82826 /* P1PlayView.h */ = {isa = PBXFileReference; fileEncoding = 4; lastKnownFileType = sourcecode.c.h; path = P1PlayView.h; sourceTree = "<group>"; };
		458E912115B48B2800A82826 /* P1PlayView.m */ = {isa = PBXFileReference; fileEncoding = 4; lastKnownFileType = sourcecode.c.objc; path = P1PlayView.m; sourceTree = "<group>"; };
		458E912315B48D6900A82826 /* P1AddObjectMenuViewController.h */ = {isa = PBXFileReference; fileEncoding = 4; lastKnownFileType = sourcecode.c.h; path = P1AddObjectMenuViewController.h; sourceTree = "<group>"; };
		458E912415B48D6900A82826 /* P1AddObjectMenuViewController.m */ = {isa = PBXFileReference; fileEncoding = 4; lastKnownFileType = sourcecode.c.objc; path = P1AddObjectMenuViewController.m; sourceTree = "<group>"; };
		4591C37915CC53B90048B219 /* P1ObjectFactory.h */ = {isa = PBXFileReference; fileEncoding = 4; lastKnownFileType = sourcecode.c.h; path = P1ObjectFactory.h; sourceTree = "<group>"; };
		4591C37A15CC53B90048B219 /* P1ObjectFactory.m */ = {isa = PBXFileReference; fileEncoding = 4; lastKnownFileType = sourcecode.c.objc; path = P1ObjectFactory.m; sourceTree = "<group>"; };
		45943BBB15BF32A9008E6002 /* afro-beat_machine.pd */ = {isa = PBXFileReference; fileEncoding = 4; lastKnownFileType = text; path = "afro-beat_machine.pd"; sourceTree = "<group>"; };
		45943BBC15BF32A9008E6002 /* afro-beat_colonial_mentality.pd */ = {isa = PBXFileReference; fileEncoding = 4; lastKnownFileType = text; path = "afro-beat_colonial_mentality.pd"; sourceTree = "<group>"; };
		45943BBD15BF32A9008E6002 /* afro-beat_excuse_o.pd */ = {isa = PBXFileReference; fileEncoding = 4; lastKnownFileType = text; path = "afro-beat_excuse_o.pd"; sourceTree = "<group>"; };
		45943BBE15BF32A9008E6002 /* afro-beat_lady.pd */ = {isa = PBXFileReference; fileEncoding = 4; lastKnownFileType = text; path = "afro-beat_lady.pd"; sourceTree = "<group>"; };
		45943BBF15BF32A9008E6002 /* afro-beat_unknow_soldier.pd */ = {isa = PBXFileReference; fileEncoding = 4; lastKnownFileType = text; path = "afro-beat_unknow_soldier.pd"; sourceTree = "<group>"; };
		45943BC015BF32A9008E6002 /* afro-beat.pd */ = {isa = PBXFileReference; fileEncoding = 4; lastKnownFileType = text; path = "afro-beat.pd"; sourceTree = "<group>"; };
		45943BC115BF32A9008E6002 /* contador_circular.pd */ = {isa = PBXFileReference; fileEncoding = 4; lastKnownFileType = text; path = contador_circular.pd; sourceTree = "<group>"; };
		45943BC215BF32A9008E6002 /* output_VU~.pd */ = {isa = PBXFileReference; fileEncoding = 4; lastKnownFileType = text; path = "output_VU~.pd"; sourceTree = "<group>"; };
		45943BC315BF32A9008E6002 /* ratinhos.pd */ = {isa = PBXFileReference; fileEncoding = 4; lastKnownFileType = text; path = ratinhos.pd; sourceTree = "<group>"; };
		45943BC415BF32A9008E6002 /* teclado.pd */ = {isa = PBXFileReference; fileEncoding = 4; lastKnownFileType = text; path = teclado.pd; sourceTree = "<group>"; };
		45943BC515BF32A9008E6002 /* volume.pd */ = {isa = PBXFileReference; fileEncoding = 4; lastKnownFileType = text; path = volume.pd; sourceTree = "<group>"; };
		459B4F4F15BEA16100FE092D /* Icon-72.png */ = {isa = PBXFileReference; lastKnownFileType = image.png; path = "Icon-72.png"; sourceTree = "<group>"; };
		459B4F5115BEA1C900FE092D /* iTunesArtwork.png */ = {isa = PBXFileReference; lastKnownFileType = image.png; path = iTunesArtwork.png; sourceTree = "<group>"; };
		45EDB44415BE50D200FD9040 /* specialConnector@2x.png */ = {isa = PBXFileReference; lastKnownFileType = image.png; path = "specialConnector@2x.png"; sourceTree = "<group>"; };
		45EDB44715BE6FFE00FD9040 /* trigger@2x.png */ = {isa = PBXFileReference; lastKnownFileType = image.png; path = "trigger@2x.png"; sourceTree = "<group>"; };
		45EDB44815BE6FFE00FD9040 /* triggerFlipped@2x.png */ = {isa = PBXFileReference; lastKnownFileType = image.png; path = "triggerFlipped@2x.png"; sourceTree = "<group>"; };
		45EDB44915BE6FFE00FD9040 /* track@2x.png */ = {isa = PBXFileReference; lastKnownFileType = image.png; path = "track@2x.png"; sourceTree = "<group>"; };
		45EDB44A15BE6FFF00FD9040 /* trackFlipped@2x.png */ = {isa = PBXFileReference; lastKnownFileType = image.png; path = "trackFlipped@2x.png"; sourceTree = "<group>"; };
/* End PBXFileReference section */

/* Begin PBXFrameworksBuildPhase section */
		458E90DE15B4886D00A82826 /* Frameworks */ = {
			isa = PBXFrameworksBuildPhase;
			buildActionMask = 2147483647;
			files = (
				458B871315B65BA600DB125E /* libpd-ios.a in Frameworks */,
				458B871715B65BA600DB125E /* AVFoundation.framework in Frameworks */,
				458B871615B65BA600DB125E /* AudioToolbox.framework in Frameworks */,
				458E90E615B4886D00A82826 /* UIKit.framework in Frameworks */,
				458E90E815B4886D00A82826 /* Foundation.framework in Frameworks */,
				458E90EA15B4886D00A82826 /* CoreGraphics.framework in Frameworks */,
			);
			runOnlyForDeploymentPostprocessing = 0;
		};
/* End PBXFrameworksBuildPhase section */

/* Begin PBXGroup section */
		4571929D15D00E54008DEF35 /* Auxiliary */ = {
			isa = PBXGroup;
			children = (
				4571929E15D00E69008DEF35 /* P1Utils.h */,
				4571929F15D00E69008DEF35 /* P1Utils.m */,
			);
			name = Auxiliary;
			sourceTree = "<group>";
		};
		458B870515B65B4E00DB125E /* Products */ = {
			isa = PBXGroup;
			children = (
				458B870D15B65B4E00DB125E /* libpd-ios.a */,
				458B870F15B65B4E00DB125E /* libpd-osx.a */,
			);
			name = Products;
			sourceTree = "<group>";
		};
		458E90D615B4886C00A82826 = {
			isa = PBXGroup;
			children = (
				4512E4C615BF712500843A60 /* mainIcon.png */,
				459B4F5115BEA1C900FE092D /* iTunesArtwork.png */,
				459B4F4F15BEA16100FE092D /* Icon-72.png */,
				458B871415B65BA600DB125E /* AudioToolbox.framework */,
				458B871515B65BA600DB125E /* AVFoundation.framework */,
				458B870415B65B4E00DB125E /* libpd.xcodeproj */,
				458E90EB15B4886D00A82826 /* Proto1 */,
				458E90E415B4886D00A82826 /* Frameworks */,
				458E90E215B4886D00A82826 /* Products */,
			);
			sourceTree = "<group>";
		};
		458E90E215B4886D00A82826 /* Products */ = {
			isa = PBXGroup;
			children = (
				458E90E115B4886D00A82826 /* Proto1.app */,
			);
			name = Products;
			sourceTree = "<group>";
		};
		458E90E415B4886D00A82826 /* Frameworks */ = {
			isa = PBXGroup;
			children = (
				458E90E515B4886D00A82826 /* UIKit.framework */,
				458E90E715B4886D00A82826 /* Foundation.framework */,
				458E90E915B4886D00A82826 /* CoreGraphics.framework */,
			);
			name = Frameworks;
			sourceTree = "<group>";
		};
		458E90EB15B4886D00A82826 /* Proto1 */ = {
			isa = PBXGroup;
			children = (
				4591C37615CC4EF20048B219 /* Edit */,
				4591C37715CC4F1F0048B219 /* Play */,
				458E90F415B4886D00A82826 /* P1AppDelegate.h */,
				458E90F515B4886D00A82826 /* P1AppDelegate.m */,
				458E90F715B4886D00A82826 /* MainStoryboard.storyboard */,
				4571929D15D00E54008DEF35 /* Auxiliary */,
				45A611BB15BF207700A1156F /* Images */,
				45A611BA15BF201F00A1156F /* PD */,
				458E90EC15B4886D00A82826 /* Supporting Files */,
			);
			path = Proto1;
			sourceTree = "<group>";
		};
		458E90EC15B4886D00A82826 /* Supporting Files */ = {
			isa = PBXGroup;
			children = (
				458E90ED15B4886D00A82826 /* Proto1-Info.plist */,
				458E90EE15B4886D00A82826 /* InfoPlist.strings */,
				458E90F115B4886D00A82826 /* main.m */,
				458E90F315B4886D00A82826 /* Proto1-Prefix.pch */,
			);
			name = "Supporting Files";
			sourceTree = "<group>";
		};
		4591C37615CC4EF20048B219 /* Edit */ = {
			isa = PBXGroup;
			children = (
				458E910215B488D600A82826 /* P1EditViewController.h */,
				458E910315B488D600A82826 /* P1EditViewController.m */,
				458E910515B488F600A82826 /* P1EditView.h */,
				458E910615B488F600A82826 /* P1EditView.m */,
				458E911115B489C900A82826 /* P1InputObjectView.h */,
				458E911215B489C900A82826 /* P1InputObjectView.m */,
				458E910B15B4899900A82826 /* P1OutputObjectView.h */,
				458E910C15B4899900A82826 /* P1OutputObjectView.m */,
				458E911415B489EA00A82826 /* P1IconView.h */,
				458E911515B489EA00A82826 /* P1IconView.m */,
				4591C37815CC4F800048B219 /* Subs */,
				4591C37915CC53B90048B219 /* P1ObjectFactory.h */,
				4591C37A15CC53B90048B219 /* P1ObjectFactory.m */,
				457192A615D03F43008DEF35 /* P1Touchable.h */,
				457192A715D03F44008DEF35 /* P1Touchable.m */,
			);
			name = Edit;
			sourceTree = "<group>";
		};
		4591C37715CC4F1F0048B219 /* Play */ = {
			isa = PBXGroup;
			children = (
				458E911D15B48B1200A82826 /* P1PlayViewController.h */,
				458E911E15B48B1200A82826 /* P1PlayViewController.m */,
				458E912015B48B2800A82826 /* P1PlayView.h */,
				458E912115B48B2800A82826 /* P1PlayView.m */,
				45314CB815D1A58600BE7364 /* P1PlayTouchable.h */,
				45314CB915D1A58600BE7364 /* P1PlayTouchable.m */,
			);
			name = Play;
			sourceTree = "<group>";
		};
		4591C37815CC4F800048B219 /* Subs */ = {
			isa = PBXGroup;
			children = (
				454C91A415B8CAAE00313CC3 /* P1ContextMenuViewController.h */,
				454C91A515B8CAAE00313CC3 /* P1ContextMenuViewController.m */,
				454C919F15B89ED900313CC3 /* P1AddObjectTableViewController.h */,
				454C91A015B89ED900313CC3 /* P1AddObjectTableViewController.m */,
				458E912315B48D6900A82826 /* P1AddObjectMenuViewController.h */,
				458E912415B48D6900A82826 /* P1AddObjectMenuViewController.m */,
			);
			name = Subs;
			sourceTree = "<group>";
		};
		45A611BA15BF201F00A1156F /* PD */ = {
			isa = PBXGroup;
			children = (
				45314D0115D1F1AA00BE7364 /* mySimpleSamplePlayer.pd */,
				45314D0215D1F1AA00BE7364 /* sample2.wav */,
				45314D0315D1F1AA00BE7364 /* sample1.wav */,
				45314D0415D1F1AA00BE7364 /* sample3.wav */,
				45314D0515D1F1AA00BE7364 /* sample4.wav */,
				45314D0615D1F1AA00BE7364 /* sample5.wav */,
				45314D0715D1F1AA00BE7364 /* sample6.wav */,
				45943BBB15BF32A9008E6002 /* afro-beat_machine.pd */,
				45943BBC15BF32A9008E6002 /* afro-beat_colonial_mentality.pd */,
				45943BBD15BF32A9008E6002 /* afro-beat_excuse_o.pd */,
				45943BBE15BF32A9008E6002 /* afro-beat_lady.pd */,
				45943BBF15BF32A9008E6002 /* afro-beat_unknow_soldier.pd */,
				45943BC015BF32A9008E6002 /* afro-beat.pd */,
				45943BC115BF32A9008E6002 /* contador_circular.pd */,
				45943BC215BF32A9008E6002 /* output_VU~.pd */,
				45943BC315BF32A9008E6002 /* ratinhos.pd */,
				45943BC415BF32A9008E6002 /* teclado.pd */,
				45943BC515BF32A9008E6002 /* volume.pd */,
				458B871815B65CF700DB125E /* proto1.pd */,
				458B871F15B660AC00DB125E /* tuner.pd */,
			);
			name = PD;
			sourceTree = "<group>";
		};
		45A611BB15BF207700A1156F /* Images */ = {
			isa = PBXGroup;
			children = (
				4512E4D815BF7D2300843A60 /* touchable@2x.png */,
				4512E4CB15BF7BD700843A60 /* notesArray@2x.png */,
				4512E4CC15BF7BD700843A60 /* afrobeat@2x.png */,
				4512E4CD15BF7BD700843A60 /* noteFlow@2x.png */,
				4512E4CE15BF7BD800843A60 /* specialIcon@2x.png */,
				4512E4CF15BF7BD800843A60 /* specialIconLong@2x.png */,
				4512E4D015BF7BD800843A60 /* specialTrackConnector@2x.png */,
				45EDB44415BE50D200FD9040 /* specialConnector@2x.png */,
				45EDB44715BE6FFE00FD9040 /* trigger@2x.png */,
				45EDB44815BE6FFE00FD9040 /* triggerFlipped@2x.png */,
				45EDB44915BE6FFE00FD9040 /* track@2x.png */,
				45EDB44A15BE6FFF00FD9040 /* trackFlipped@2x.png */,
				454C918915B897C000313CC3 /* playNotes@2x.png */,
				454C91A215B8B07100313CC3 /* playNote@2x.png */,
				454C918A15B897C000313CC3 /* changePitch@2x.png */,
				454C918B15B897C000313CC3 /* changeDuration@2x.png */,
				454C919015B897C000313CC3 /* verticalSlide@2x.png */,
				454C919115B897C000313CC3 /* horizontalSlide@2x.png */,
				454C919215B897C000313CC3 /* touch@2x.png */,
				454A68FD15B9F101009BEAAC /* swipeUp@2x.png */,
				454A68FE15B9F101009BEAAC /* swipeDown@2x.png */,
				454A68FF15B9F101009BEAAC /* swipeLeft@2x.png */,
				454A690015B9F101009BEAAC /* swipeRight@2x.png */,
				454A690115B9F101009BEAAC /* swipeDoubleUp@2x.png */,
				454A690215B9F101009BEAAC /* swipeDoubleDown@2x.png */,
				454A690315B9F101009BEAAC /* swipeDoubleLeft@2x.png */,
				454A690415B9F101009BEAAC /* swipeDoubleRight@2x.png */,
			);
			name = Images;
			sourceTree = "<group>";
		};
/* End PBXGroup section */

/* Begin PBXNativeTarget section */
		458E90E015B4886D00A82826 /* Proto1 */ = {
			isa = PBXNativeTarget;
			buildConfigurationList = 458E90FF15B4886D00A82826 /* Build configuration list for PBXNativeTarget "Proto1" */;
			buildPhases = (
				458E90DD15B4886D00A82826 /* Sources */,
				458E90DE15B4886D00A82826 /* Frameworks */,
				458E90DF15B4886D00A82826 /* Resources */,
			);
			buildRules = (
			);
			dependencies = (
				458B871215B65B9300DB125E /* PBXTargetDependency */,
			);
			name = Proto1;
			productName = Proto1;
			productReference = 458E90E115B4886D00A82826 /* Proto1.app */;
			productType = "com.apple.product-type.application";
		};
/* End PBXNativeTarget section */

/* Begin PBXProject section */
		458E90D815B4886C00A82826 /* Project object */ = {
			isa = PBXProject;
			attributes = {
				CLASSPREFIX = P1;
				LastUpgradeCheck = 0430;
				ORGANIZATIONNAME = FCAC;
			};
			buildConfigurationList = 458E90DB15B4886C00A82826 /* Build configuration list for PBXProject "Proto1" */;
			compatibilityVersion = "Xcode 3.2";
			developmentRegion = English;
			hasScannedForEncodings = 0;
			knownRegions = (
				en,
			);
			mainGroup = 458E90D615B4886C00A82826;
			productRefGroup = 458E90E215B4886D00A82826 /* Products */;
			projectDirPath = "";
			projectReferences = (
				{
					ProductGroup = 458B870515B65B4E00DB125E /* Products */;
					ProjectRef = 458B870415B65B4E00DB125E /* libpd.xcodeproj */;
				},
			);
			projectRoot = "";
			targets = (
				458E90E015B4886D00A82826 /* Proto1 */,
			);
		};
/* End PBXProject section */

/* Begin PBXReferenceProxy section */
		458B870D15B65B4E00DB125E /* libpd-ios.a */ = {
			isa = PBXReferenceProxy;
			fileType = archive.ar;
			path = "libpd-ios.a";
			remoteRef = 458B870C15B65B4E00DB125E /* PBXContainerItemProxy */;
			sourceTree = BUILT_PRODUCTS_DIR;
		};
		458B870F15B65B4E00DB125E /* libpd-osx.a */ = {
			isa = PBXReferenceProxy;
			fileType = archive.ar;
			path = "libpd-osx.a";
			remoteRef = 458B870E15B65B4E00DB125E /* PBXContainerItemProxy */;
			sourceTree = BUILT_PRODUCTS_DIR;
		};
/* End PBXReferenceProxy section */

/* Begin PBXResourcesBuildPhase section */
		458E90DF15B4886D00A82826 /* Resources */ = {
			isa = PBXResourcesBuildPhase;
			buildActionMask = 2147483647;
			files = (
				458E90F015B4886D00A82826 /* InfoPlist.strings in Resources */,
				458E90F915B4886D00A82826 /* MainStoryboard.storyboard in Resources */,
				458B871915B65CF700DB125E /* proto1.pd in Resources */,
				458B872015B660AC00DB125E /* tuner.pd in Resources */,
				454C919315B897C000313CC3 /* playNotes@2x.png in Resources */,
				454C919415B897C000313CC3 /* changePitch@2x.png in Resources */,
				454C919515B897C000313CC3 /* changeDuration@2x.png in Resources */,
				454C919A15B897C000313CC3 /* verticalSlide@2x.png in Resources */,
				454C919B15B897C000313CC3 /* horizontalSlide@2x.png in Resources */,
				454C919C15B897C000313CC3 /* touch@2x.png in Resources */,
				454C91A315B8B07200313CC3 /* playNote@2x.png in Resources */,
				454A690615B9F101009BEAAC /* swipeUp@2x.png in Resources */,
				454A690715B9F101009BEAAC /* swipeDown@2x.png in Resources */,
				454A690815B9F101009BEAAC /* swipeLeft@2x.png in Resources */,
				454A690915B9F101009BEAAC /* swipeRight@2x.png in Resources */,
				454A690A15B9F101009BEAAC /* swipeDoubleUp@2x.png in Resources */,
				454A690B15B9F101009BEAAC /* swipeDoubleDown@2x.png in Resources */,
				454A690C15B9F101009BEAAC /* swipeDoubleLeft@2x.png in Resources */,
				454A690D15B9F101009BEAAC /* swipeDoubleRight@2x.png in Resources */,
				45EDB44615BE50D300FD9040 /* specialConnector@2x.png in Resources */,
				45EDB44B15BE6FFF00FD9040 /* trigger@2x.png in Resources */,
				45EDB44C15BE6FFF00FD9040 /* triggerFlipped@2x.png in Resources */,
				45EDB44D15BE6FFF00FD9040 /* track@2x.png in Resources */,
				45EDB44E15BE6FFF00FD9040 /* trackFlipped@2x.png in Resources */,
				459B4F5015BEA16100FE092D /* Icon-72.png in Resources */,
				459B4F5215BEA1C900FE092D /* iTunesArtwork.png in Resources */,
				45943BC615BF32A9008E6002 /* afro-beat_machine.pd in Resources */,
				45943BC715BF32A9008E6002 /* afro-beat_colonial_mentality.pd in Resources */,
				45943BC815BF32A9008E6002 /* afro-beat_excuse_o.pd in Resources */,
				45943BC915BF32A9008E6002 /* afro-beat_lady.pd in Resources */,
				45943BCA15BF32A9008E6002 /* afro-beat_unknow_soldier.pd in Resources */,
				45943BCB15BF32A9008E6002 /* afro-beat.pd in Resources */,
				45943BCC15BF32A9008E6002 /* contador_circular.pd in Resources */,
				45943BCD15BF32A9008E6002 /* output_VU~.pd in Resources */,
				45943BCE15BF32A9008E6002 /* ratinhos.pd in Resources */,
				45943BCF15BF32A9008E6002 /* teclado.pd in Resources */,
				45943BD015BF32A9008E6002 /* volume.pd in Resources */,
				4512E4C715BF712500843A60 /* mainIcon.png in Resources */,
				4512E4D215BF7BD800843A60 /* notesArray@2x.png in Resources */,
				4512E4D315BF7BD800843A60 /* afrobeat@2x.png in Resources */,
				4512E4D415BF7BD800843A60 /* noteFlow@2x.png in Resources */,
				4512E4D515BF7BD800843A60 /* specialIcon@2x.png in Resources */,
				4512E4D615BF7BD800843A60 /* specialIconLong@2x.png in Resources */,
				4512E4D715BF7BD800843A60 /* specialTrackConnector@2x.png in Resources */,
				4512E4D915BF7D2300843A60 /* touchable@2x.png in Resources */,
				45314D0815D1F1AA00BE7364 /* mySimpleSamplePlayer.pd in Resources */,
				45314D0915D1F1AA00BE7364 /* sample2.wav in Resources */,
				45314D0A15D1F1AA00BE7364 /* sample1.wav in Resources */,
				45314D0B15D1F1AA00BE7364 /* sample3.wav in Resources */,
				45314D0C15D1F1AA00BE7364 /* sample4.wav in Resources */,
				45314D0D15D1F1AA00BE7364 /* sample5.wav in Resources */,
				45314D0E15D1F1AA00BE7364 /* sample6.wav in Resources */,
			);
			runOnlyForDeploymentPostprocessing = 0;
		};
/* End PBXResourcesBuildPhase section */

/* Begin PBXSourcesBuildPhase section */
		458E90DD15B4886D00A82826 /* Sources */ = {
			isa = PBXSourcesBuildPhase;
			buildActionMask = 2147483647;
			files = (
				458E90F215B4886D00A82826 /* main.m in Sources */,
				458E90F615B4886D00A82826 /* P1AppDelegate.m in Sources */,
				458E910415B488D600A82826 /* P1EditViewController.m in Sources */,
				458E910715B488F600A82826 /* P1EditView.m in Sources */,
				458E910D15B4899900A82826 /* P1OutputObjectView.m in Sources */,
				458E911315B489C900A82826 /* P1InputObjectView.m in Sources */,
				458E911615B489EA00A82826 /* P1IconView.m in Sources */,
				458E911F15B48B1200A82826 /* P1PlayViewController.m in Sources */,
				458E912215B48B2800A82826 /* P1PlayView.m in Sources */,
				458E912515B48D6A00A82826 /* P1AddObjectMenuViewController.m in Sources */,
				454C91A115B89ED900313CC3 /* P1AddObjectTableViewController.m in Sources */,
				454C91A615B8CAAF00313CC3 /* P1ContextMenuViewController.m in Sources */,
				4591C37B15CC53B90048B219 /* P1ObjectFactory.m in Sources */,
				457192A015D00E69008DEF35 /* P1Utils.m in Sources */,
				457192A815D03F44008DEF35 /* P1Touchable.m in Sources */,
				45314CBA15D1A58700BE7364 /* P1PlayTouchable.m in Sources */,
			);
			runOnlyForDeploymentPostprocessing = 0;
		};
/* End PBXSourcesBuildPhase section */

/* Begin PBXTargetDependency section */
		458B871215B65B9300DB125E /* PBXTargetDependency */ = {
			isa = PBXTargetDependency;
			name = "libpd-ios";
			targetProxy = 458B871115B65B9300DB125E /* PBXContainerItemProxy */;
		};
/* End PBXTargetDependency section */

/* Begin PBXVariantGroup section */
		458E90EE15B4886D00A82826 /* InfoPlist.strings */ = {
			isa = PBXVariantGroup;
			children = (
				458E90EF15B4886D00A82826 /* en */,
			);
			name = InfoPlist.strings;
			sourceTree = "<group>";
		};
		458E90F715B4886D00A82826 /* MainStoryboard.storyboard */ = {
			isa = PBXVariantGroup;
			children = (
				458E90F815B4886D00A82826 /* en */,
			);
			name = MainStoryboard.storyboard;
			sourceTree = "<group>";
		};
/* End PBXVariantGroup section */

/* Begin XCBuildConfiguration section */
		458E90FD15B4886D00A82826 /* Debug */ = {
			isa = XCBuildConfiguration;
			buildSettings = {
				ALWAYS_SEARCH_USER_PATHS = NO;
				ARCHS = "$(ARCHS_STANDARD_32_BIT)";
				CLANG_ENABLE_OBJC_ARC = YES;
				"CODE_SIGN_IDENTITY[sdk=iphoneos*]" = "iPhone Developer";
				COPY_PHASE_STRIP = NO;
				GCC_C_LANGUAGE_STANDARD = gnu99;
				GCC_DYNAMIC_NO_PIC = NO;
				GCC_OPTIMIZATION_LEVEL = 0;
				GCC_PREPROCESSOR_DEFINITIONS = (
					"DEBUG=1",
					"$(inherited)",
				);
				GCC_SYMBOLS_PRIVATE_EXTERN = NO;
				GCC_VERSION = com.apple.compilers.llvm.clang.1_0;
				GCC_WARN_ABOUT_RETURN_TYPE = YES;
				GCC_WARN_UNINITIALIZED_AUTOS = YES;
				GCC_WARN_UNUSED_VARIABLE = YES;
				IPHONEOS_DEPLOYMENT_TARGET = 5.1;
				SDKROOT = iphoneos;
				TARGETED_DEVICE_FAMILY = 2;
			};
			name = Debug;
		};
		458E90FE15B4886D00A82826 /* Release */ = {
			isa = XCBuildConfiguration;
			buildSettings = {
				ALWAYS_SEARCH_USER_PATHS = NO;
				ARCHS = "$(ARCHS_STANDARD_32_BIT)";
				CLANG_ENABLE_OBJC_ARC = YES;
				"CODE_SIGN_IDENTITY[sdk=iphoneos*]" = "iPhone Developer";
				COPY_PHASE_STRIP = YES;
				GCC_C_LANGUAGE_STANDARD = gnu99;
				GCC_VERSION = com.apple.compilers.llvm.clang.1_0;
				GCC_WARN_ABOUT_RETURN_TYPE = YES;
				GCC_WARN_UNINITIALIZED_AUTOS = YES;
				GCC_WARN_UNUSED_VARIABLE = YES;
				IPHONEOS_DEPLOYMENT_TARGET = 5.1;
				OTHER_CFLAGS = "-DNS_BLOCK_ASSERTIONS=1";
				SDKROOT = iphoneos;
				TARGETED_DEVICE_FAMILY = 2;
				VALIDATE_PRODUCT = YES;
			};
			name = Release;
		};
		458E910015B4886D00A82826 /* Debug */ = {
			isa = XCBuildConfiguration;
			buildSettings = {
				GCC_PRECOMPILE_PREFIX_HEADER = YES;
				GCC_PREFIX_HEADER = "Proto1/Proto1-Prefix.pch";
				INFOPLIST_FILE = "Proto1/Proto1-Info.plist";
				PRODUCT_NAME = "$(TARGET_NAME)";
				USER_HEADER_SEARCH_PATHS = "/Users/filipecalegario/Developer/libpd/pd-for-ios/libpd/**";
				WRAPPER_EXTENSION = app;
			};
			name = Debug;
		};
		458E910115B4886D00A82826 /* Release */ = {
			isa = XCBuildConfiguration;
			buildSettings = {
				GCC_PRECOMPILE_PREFIX_HEADER = YES;
				GCC_PREFIX_HEADER = "Proto1/Proto1-Prefix.pch";
				INFOPLIST_FILE = "Proto1/Proto1-Info.plist";
				PRODUCT_NAME = "$(TARGET_NAME)";
				USER_HEADER_SEARCH_PATHS = "/Users/filipecalegario/Developer/libpd/pd-for-ios/libpd/**";
				WRAPPER_EXTENSION = app;
			};
			name = Release;
		};
/* End XCBuildConfiguration section */

/* Begin XCConfigurationList section */
		458E90DB15B4886C00A82826 /* Build configuration list for PBXProject "Proto1" */ = {
			isa = XCConfigurationList;
			buildConfigurations = (
				458E90FD15B4886D00A82826 /* Debug */,
				458E90FE15B4886D00A82826 /* Release */,
			);
			defaultConfigurationIsVisible = 0;
			defaultConfigurationName = Release;
		};
		458E90FF15B4886D00A82826 /* Build configuration list for PBXNativeTarget "Proto1" */ = {
			isa = XCConfigurationList;
			buildConfigurations = (
				458E910015B4886D00A82826 /* Debug */,
				458E910115B4886D00A82826 /* Release */,
			);
			defaultConfigurationIsVisible = 0;
			defaultConfigurationName = Release;
		};
/* End XCConfigurationList section */
	};
	rootObject = 458E90D815B4886C00A82826 /* Project object */;
}
